
Microsoft Visual Studio Solution File, Format Version 12.00
# Visual Studio Version 16
VisualStudioVersion = 16.0.31702.278
MinimumVisualStudioVersion = 10.0.40219.1
Project("{FAE04EC0-301F-11D3-BF4B-00C04F79EFBC}") = "ArregloStrings", "ArregloStrings\ArregloStrings.csproj", "{78855C06-A52B-49D4-A811-7CB6AF3198AB}"
EndProject
Global
	GlobalSection(SolutionConfigurationPlatforms) = preSolution
		Debug|Any CPU = Debug|Any CPU
		Release|Any CPU = Release|Any CPU
	EndGlobalSection
	GlobalSection(ProjectConfigurationPlatforms) = postSolution
		{78855C06-A52B-49D4-A811-7CB6AF3198AB}.Debug|Any CPU.ActiveCfg = Debug|Any CPU
		{78855C06-A52B-49D4-A811-7CB6AF3198AB}.Debug|Any CPU.Build.0 = Debug|Any CPU
		{78855C06-A52B-49D4-A811-7CB6AF3198AB}.Release|Any CPU.ActiveCfg = Release|Any CPU
		{78855C06-A52B-49D4-A811-7CB6AF3198AB}.Release|Any CPU.Build.0 = Release|Any CPU
	EndGlobalSection
	GlobalSection(SolutionProperties) = preSolution
		HideSolutionNode = FALSE
	EndGlobalSection
	GlobalSection(ExtensibilityGlobals) = postSolution
		SolutionGuid = {A6FEF6D8-6CC2-419B-897C-57F2287E0381}
	EndGlobalSection
EndGlobal
